
Microsoft Visual Studio Solution File, Format Version 12.00
# Visual Studio Version 17
VisualStudioVersion = 17.4.33205.214
MinimumVisualStudioVersion = 10.0.40219.1
Project("{9A19103F-16F7-4668-BE54-9A1E7A4F7556}") = "BlogDataLibrary", "BlogDataLibrary\BlogDataLibrary.csproj", "{F9726F18-D109-455E-8D97-6541D4C38566}"
EndProject
Project("{00D1A9C2-B5F0-4AF3-8072-F6C62B433612}") = "MarcosBlogDB", "MarcosBlogDB\MarcosBlogDB.sqlproj", "{0F69A208-2CF4-44DD-A3BC-DB82CD3572B9}"
EndProject
Project("{9A19103F-16F7-4668-BE54-9A1E7A4F7556}") = "BlogTestUI", "BlogTestUI\BlogTestUI.csproj", "{5AE6F22A-814A-419D-BA0D-F2F52E57F25B}"
EndProject
Project("{FAE04EC0-301F-11D3-BF4B-00C04F79EFBC}") = "BlogAPI", "BlogAPI\BlogAPI.csproj", "{A499FDBB-08DC-43BB-946F-D3417E36C1C3}"
	ProjectSection(ProjectDependencies) = postProject
		{F9726F18-D109-455E-8D97-6541D4C38566} = {F9726F18-D109-455E-8D97-6541D4C38566}
	EndProjectSection
EndProject
Global
	GlobalSection(SolutionConfigurationPlatforms) = preSolution
		Debug|Any CPU = Debug|Any CPU
		Release|Any CPU = Release|Any CPU
	EndGlobalSection
	GlobalSection(ProjectConfigurationPlatforms) = postSolution
		{F9726F18-D109-455E-8D97-6541D4C38566}.Debug|Any CPU.ActiveCfg = Debug|Any CPU
		{F9726F18-D109-455E-8D97-6541D4C38566}.Debug|Any CPU.Build.0 = Debug|Any CPU
		{F9726F18-D109-455E-8D97-6541D4C38566}.Release|Any CPU.ActiveCfg = Release|Any CPU
		{F9726F18-D109-455E-8D97-6541D4C38566}.Release|Any CPU.Build.0 = Release|Any CPU
		{0F69A208-2CF4-44DD-A3BC-DB82CD3572B9}.Debug|Any CPU.ActiveCfg = Debug|Any CPU
		{0F69A208-2CF4-44DD-A3BC-DB82CD3572B9}.Debug|Any CPU.Build.0 = Debug|Any CPU
		{0F69A208-2CF4-44DD-A3BC-DB82CD3572B9}.Debug|Any CPU.Deploy.0 = Debug|Any CPU
		{0F69A208-2CF4-44DD-A3BC-DB82CD3572B9}.Release|Any CPU.ActiveCfg = Release|Any CPU
		{0F69A208-2CF4-44DD-A3BC-DB82CD3572B9}.Release|Any CPU.Build.0 = Release|Any CPU
		{0F69A208-2CF4-44DD-A3BC-DB82CD3572B9}.Release|Any CPU.Deploy.0 = Release|Any CPU
		{5AE6F22A-814A-419D-BA0D-F2F52E57F25B}.Debug|Any CPU.ActiveCfg = Debug|Any CPU
		{5AE6F22A-814A-419D-BA0D-F2F52E57F25B}.Debug|Any CPU.Build.0 = Debug|Any CPU
		{5AE6F22A-814A-419D-BA0D-F2F52E57F25B}.Release|Any CPU.ActiveCfg = Release|Any CPU
		{5AE6F22A-814A-419D-BA0D-F2F52E57F25B}.Release|Any CPU.Build.0 = Release|Any CPU
		{A499FDBB-08DC-43BB-946F-D3417E36C1C3}.Debug|Any CPU.ActiveCfg = Debug|Any CPU
		{A499FDBB-08DC-43BB-946F-D3417E36C1C3}.Debug|Any CPU.Build.0 = Debug|Any CPU
		{A499FDBB-08DC-43BB-946F-D3417E36C1C3}.Release|Any CPU.ActiveCfg = Release|Any CPU
		{A499FDBB-08DC-43BB-946F-D3417E36C1C3}.Release|Any CPU.Build.0 = Release|Any CPU
	EndGlobalSection
	GlobalSection(SolutionProperties) = preSolution
		HideSolutionNode = FALSE
	EndGlobalSection
	GlobalSection(ExtensibilityGlobals) = postSolution
		SolutionGuid = {95F24711-4FB3-4EC3-8549-F74F97A9D65A}
	EndGlobalSection
EndGlobal
